
Microsoft Visual Studio Solution File, Format Version 12.00
# Visual Studio 15
VisualStudioVersion = 15.0.26403.7
MinimumVisualStudioVersion = 10.0.40219.1
Project("{FAE04EC0-301F-11D3-BF4B-00C04F79EFBC}") = "DuplicateFileFinder.Interface", "DuplicateFileFinder.Interface\DuplicateFileFinder.Interface.csproj", "{F4E4799C-883B-4B36-9DB9-3D6478499386}"
EndProject
Project("{FAE04EC0-301F-11D3-BF4B-00C04F79EFBC}") = "DuplicateFileFinder.Models", "DuplicateFileFinder.Models\DuplicateFileFinder.Models.csproj", "{E2E09164-7C59-423C-8925-9174EB053B35}"
EndProject
Global
	GlobalSection(SolutionConfigurationPlatforms) = preSolution
		Debug|Any CPU = Debug|Any CPU
		Release|Any CPU = Release|Any CPU
	EndGlobalSection
	GlobalSection(ProjectConfigurationPlatforms) = postSolution
		{F4E4799C-883B-4B36-9DB9-3D6478499386}.Debug|Any CPU.ActiveCfg = Debug|Any CPU
		{F4E4799C-883B-4B36-9DB9-3D6478499386}.Debug|Any CPU.Build.0 = Debug|Any CPU
		{F4E4799C-883B-4B36-9DB9-3D6478499386}.Release|Any CPU.ActiveCfg = Release|Any CPU
		{F4E4799C-883B-4B36-9DB9-3D6478499386}.Release|Any CPU.Build.0 = Release|Any CPU
		{E2E09164-7C59-423C-8925-9174EB053B35}.Debug|Any CPU.ActiveCfg = Debug|Any CPU
		{E2E09164-7C59-423C-8925-9174EB053B35}.Debug|Any CPU.Build.0 = Debug|Any CPU
		{E2E09164-7C59-423C-8925-9174EB053B35}.Release|Any CPU.ActiveCfg = Release|Any CPU
		{E2E09164-7C59-423C-8925-9174EB053B35}.Release|Any CPU.Build.0 = Release|Any CPU
	EndGlobalSection
	GlobalSection(SolutionProperties) = preSolution
		HideSolutionNode = FALSE
	EndGlobalSection
EndGlobal
